
Microsoft Visual Studio Solution File, Format Version 12.00
# Visual Studio Version 17
VisualStudioVersion = 17.7.33711.374
MinimumVisualStudioVersion = 10.0.40219.1
Project("{9A19103F-16F7-4668-BE54-9A1E7A4F7556}") = "ParallelSamples", "ParallelSamples\ParallelSamples.csproj", "{CC667CB9-3D7A-4FBA-B1B1-2652303F756C}"
EndProject
Project("{9A19103F-16F7-4668-BE54-9A1E7A4F7556}") = "TaskSamples", "TaskSamples\TaskSamples.csproj", "{D38144B0-F371-42A6-B240-A73A70EDC1B8}"
EndProject
Project("{9A19103F-16F7-4668-BE54-9A1E7A4F7556}") = "ValueTaskSample", "ValueTaskSample\ValueTaskSample.csproj", "{A1B75BD3-3C0A-4BA0-A3B1-13E4D28FB9D4}"
EndProject
Project("{9A19103F-16F7-4668-BE54-9A1E7A4F7556}") = "CancellationSamples", "CancellationSamples\CancellationSamples.csproj", "{5795A70C-716E-475C-B071-AF162A6365AD}"
EndProject
Project("{FAE04EC0-301F-11D3-BF4B-00C04F79EFBC}") = "ChannelSample", "ChannelSample\ChannelSample.csproj", "{2C40DCF9-3590-46D3-859C-7F59ABC33D06}"
EndProject
Project("{FAE04EC0-301F-11D3-BF4B-00C04F79EFBC}") = "TimersSample", "TimersSample\TimersSample.csproj", "{46A87580-E86F-453F-9E17-6342971D4AB7}"
EndProject
Project("{FAE04EC0-301F-11D3-BF4B-00C04F79EFBC}") = "WindowsAppTimer", "WindowsAppTimer\WindowsAppTimer.csproj", "{CFE3AFF3-C127-408F-8BD6-5FE930DFA53D}"
EndProject
Global
	GlobalSection(SolutionConfigurationPlatforms) = preSolution
		Debug|Any CPU = Debug|Any CPU
		Debug|ARM64 = Debug|ARM64
		Debug|x64 = Debug|x64
		Debug|x86 = Debug|x86
		Release|Any CPU = Release|Any CPU
		Release|ARM64 = Release|ARM64
		Release|x64 = Release|x64
		Release|x86 = Release|x86
	EndGlobalSection
	GlobalSection(ProjectConfigurationPlatforms) = postSolution
		{CC667CB9-3D7A-4FBA-B1B1-2652303F756C}.Debug|Any CPU.ActiveCfg = Debug|Any CPU
		{CC667CB9-3D7A-4FBA-B1B1-2652303F756C}.Debug|Any CPU.Build.0 = Debug|Any CPU
		{CC667CB9-3D7A-4FBA-B1B1-2652303F756C}.Debug|ARM64.ActiveCfg = Debug|Any CPU
		{CC667CB9-3D7A-4FBA-B1B1-2652303F756C}.Debug|ARM64.Build.0 = Debug|Any CPU
		{CC667CB9-3D7A-4FBA-B1B1-2652303F756C}.Debug|x64.ActiveCfg = Debug|Any CPU
		{CC667CB9-3D7A-4FBA-B1B1-2652303F756C}.Debug|x64.Build.0 = Debug|Any CPU
		{CC667CB9-3D7A-4FBA-B1B1-2652303F756C}.Debug|x86.ActiveCfg = Debug|Any CPU
		{CC667CB9-3D7A-4FBA-B1B1-2652303F756C}.Debug|x86.Build.0 = Debug|Any CPU
		{CC667CB9-3D7A-4FBA-B1B1-2652303F756C}.Release|Any CPU.ActiveCfg = Release|Any CPU
		{CC667CB9-3D7A-4FBA-B1B1-2652303F756C}.Release|Any CPU.Build.0 = Release|Any CPU
		{CC667CB9-3D7A-4FBA-B1B1-2652303F756C}.Release|ARM64.ActiveCfg = Release|Any CPU
		{CC667CB9-3D7A-4FBA-B1B1-2652303F756C}.Release|ARM64.Build.0 = Release|Any CPU
		{CC667CB9-3D7A-4FBA-B1B1-2652303F756C}.Release|x64.ActiveCfg = Release|Any CPU
		{CC667CB9-3D7A-4FBA-B1B1-2652303F756C}.Release|x64.Build.0 = Release|Any CPU
		{CC667CB9-3D7A-4FBA-B1B1-2652303F756C}.Release|x86.ActiveCfg = Release|Any CPU
		{CC667CB9-3D7A-4FBA-B1B1-2652303F756C}.Release|x86.Build.0 = Release|Any CPU
		{D38144B0-F371-42A6-B240-A73A70EDC1B8}.Debug|Any CPU.ActiveCfg = Debug|Any CPU
		{D38144B0-F371-42A6-B240-A73A70EDC1B8}.Debug|Any CPU.Build.0 = Debug|Any CPU
		{D38144B0-F371-42A6-B240-A73A70EDC1B8}.Debug|ARM64.ActiveCfg = Debug|Any CPU
		{D38144B0-F371-42A6-B240-A73A70EDC1B8}.Debug|ARM64.Build.0 = Debug|Any CPU
		{D38144B0-F371-42A6-B240-A73A70EDC1B8}.Debug|x64.ActiveCfg = Debug|Any CPU
		{D38144B0-F371-42A6-B240-A73A70EDC1B8}.Debug|x64.Build.0 = Debug|Any CPU
		{D38144B0-F371-42A6-B240-A73A70EDC1B8}.Debug|x86.ActiveCfg = Debug|Any CPU
		{D38144B0-F371-42A6-B240-A73A70EDC1B8}.Debug|x86.Build.0 = Debug|Any CPU
		{D38144B0-F371-42A6-B240-A73A70EDC1B8}.Release|Any CPU.ActiveCfg = Release|Any CPU
		{D38144B0-F371-42A6-B240-A73A70EDC1B8}.Release|Any CPU.Build.0 = Release|Any CPU
		{D38144B0-F371-42A6-B240-A73A70EDC1B8}.Release|ARM64.ActiveCfg = Release|Any CPU
		{D38144B0-F371-42A6-B240-A73A70EDC1B8}.Release|ARM64.Build.0 = Release|Any CPU
		{D38144B0-F371-42A6-B240-A73A70EDC1B8}.Release|x64.ActiveCfg = Release|Any CPU
		{D38144B0-F371-42A6-B240-A73A70EDC1B8}.Release|x64.Build.0 = Release|Any CPU
		{D38144B0-F371-42A6-B240-A73A70EDC1B8}.Release|x86.ActiveCfg = Release|Any CPU
		{D38144B0-F371-42A6-B240-A73A70EDC1B8}.Release|x86.Build.0 = Release|Any CPU
		{A1B75BD3-3C0A-4BA0-A3B1-13E4D28FB9D4}.Debug|Any CPU.ActiveCfg = Debug|Any CPU
		{A1B75BD3-3C0A-4BA0-A3B1-13E4D28FB9D4}.Debug|Any CPU.Build.0 = Debug|Any CPU
		{A1B75BD3-3C0A-4BA0-A3B1-13E4D28FB9D4}.Debug|ARM64.ActiveCfg = Debug|Any CPU
		{A1B75BD3-3C0A-4BA0-A3B1-13E4D28FB9D4}.Debug|ARM64.Build.0 = Debug|Any CPU
		{A1B75BD3-3C0A-4BA0-A3B1-13E4D28FB9D4}.Debug|x64.ActiveCfg = Debug|Any CPU
		{A1B75BD3-3C0A-4BA0-A3B1-13E4D28FB9D4}.Debug|x64.Build.0 = Debug|Any CPU
		{A1B75BD3-3C0A-4BA0-A3B1-13E4D28FB9D4}.Debug|x86.ActiveCfg = Debug|Any CPU
		{A1B75BD3-3C0A-4BA0-A3B1-13E4D28FB9D4}.Debug|x86.Build.0 = Debug|Any CPU
		{A1B75BD3-3C0A-4BA0-A3B1-13E4D28FB9D4}.Release|Any CPU.ActiveCfg = Release|Any CPU
		{A1B75BD3-3C0A-4BA0-A3B1-13E4D28FB9D4}.Release|Any CPU.Build.0 = Release|Any CPU
		{A1B75BD3-3C0A-4BA0-A3B1-13E4D28FB9D4}.Release|ARM64.ActiveCfg = Release|Any CPU
		{A1B75BD3-3C0A-4BA0-A3B1-13E4D28FB9D4}.Release|ARM64.Build.0 = Release|Any CPU
		{A1B75BD3-3C0A-4BA0-A3B1-13E4D28FB9D4}.Release|x64.ActiveCfg = Release|Any CPU
		{A1B75BD3-3C0A-4BA0-A3B1-13E4D28FB9D4}.Release|x64.Build.0 = Release|Any CPU
		{A1B75BD3-3C0A-4BA0-A3B1-13E4D28FB9D4}.Release|x86.ActiveCfg = Release|Any CPU
		{A1B75BD3-3C0A-4BA0-A3B1-13E4D28FB9D4}.Release|x86.Build.0 = Release|Any CPU
		{5795A70C-716E-475C-B071-AF162A6365AD}.Debug|Any CPU.ActiveCfg = Debug|Any CPU
		{5795A70C-716E-475C-B071-AF162A6365AD}.Debug|Any CPU.Build.0 = Debug|Any CPU
		{5795A70C-716E-475C-B071-AF162A6365AD}.Debug|ARM64.ActiveCfg = Debug|Any CPU
		{5795A70C-716E-475C-B071-AF162A6365AD}.Debug|ARM64.Build.0 = Debug|Any CPU
		{5795A70C-716E-475C-B071-AF162A6365AD}.Debug|x64.ActiveCfg = Debug|Any CPU
		{5795A70C-716E-475C-B071-AF162A6365AD}.Debug|x64.Build.0 = Debug|Any CPU
		{5795A70C-716E-475C-B071-AF162A6365AD}.Debug|x86.ActiveCfg = Debug|Any CPU
		{5795A70C-716E-475C-B071-AF162A6365AD}.Debug|x86.Build.0 = Debug|Any CPU
		{5795A70C-716E-475C-B071-AF162A6365AD}.Release|Any CPU.ActiveCfg = Release|Any CPU
		{5795A70C-716E-475C-B071-AF162A6365AD}.Release|Any CPU.Build.0 = Release|Any CPU
		{5795A70C-716E-475C-B071-AF162A6365AD}.Release|ARM64.ActiveCfg = Release|Any CPU
		{5795A70C-716E-475C-B071-AF162A6365AD}.Release|ARM64.Build.0 = Release|Any CPU
		{5795A70C-716E-475C-B071-AF162A6365AD}.Release|x64.ActiveCfg = Release|Any CPU
		{5795A70C-716E-475C-B071-AF162A6365AD}.Release|x64.Build.0 = Release|Any CPU
		{5795A70C-716E-475C-B071-AF162A6365AD}.Release|x86.ActiveCfg = Release|Any CPU
		{5795A70C-716E-475C-B071-AF162A6365AD}.Release|x86.Build.0 = Release|Any CPU
		{2C40DCF9-3590-46D3-859C-7F59ABC33D06}.Debug|Any CPU.ActiveCfg = Debug|Any CPU
		{2C40DCF9-3590-46D3-859C-7F59ABC33D06}.Debug|Any CPU.Build.0 = Debug|Any CPU
		{2C40DCF9-3590-46D3-859C-7F59ABC33D06}.Debug|ARM64.ActiveCfg = Debug|Any CPU
		{2C40DCF9-3590-46D3-859C-7F59ABC33D06}.Debug|ARM64.Build.0 = Debug|Any CPU
		{2C40DCF9-3590-46D3-859C-7F59ABC33D06}.Debug|x64.ActiveCfg = Debug|Any CPU
		{2C40DCF9-3590-46D3-859C-7F59ABC33D06}.Debug|x64.Build.0 = Debug|Any CPU
		{2C40DCF9-3590-46D3-859C-7F59ABC33D06}.Debug|x86.ActiveCfg = Debug|Any CPU
		{2C40DCF9-3590-46D3-859C-7F59ABC33D06}.Debug|x86.Build.0 = Debug|Any CPU
		{2C40DCF9-3590-46D3-859C-7F59ABC33D06}.Release|Any CPU.ActiveCfg = Release|Any CPU
		{2C40DCF9-3590-46D3-859C-7F59ABC33D06}.Release|Any CPU.Build.0 = Release|Any CPU
		{2C40DCF9-3590-46D3-859C-7F59ABC33D06}.Release|ARM64.ActiveCfg = Release|Any CPU
		{2C40DCF9-3590-46D3-859C-7F59ABC33D06}.Release|ARM64.Build.0 = Release|Any CPU
		{2C40DCF9-3590-46D3-859C-7F59ABC33D06}.Release|x64.ActiveCfg = Release|Any CPU
		{2C40DCF9-3590-46D3-859C-7F59ABC33D06}.Release|x64.Build.0 = Release|Any CPU
		{2C40DCF9-3590-46D3-859C-7F59ABC33D06}.Release|x86.ActiveCfg = Release|Any CPU
		{2C40DCF9-3590-46D3-859C-7F59ABC33D06}.Release|x86.Build.0 = Release|Any CPU
		{46A87580-E86F-453F-9E17-6342971D4AB7}.Debug|Any CPU.ActiveCfg = Debug|Any CPU
		{46A87580-E86F-453F-9E17-6342971D4AB7}.Debug|Any CPU.Build.0 = Debug|Any CPU
		{46A87580-E86F-453F-9E17-6342971D4AB7}.Debug|ARM64.ActiveCfg = Debug|Any CPU
		{46A87580-E86F-453F-9E17-6342971D4AB7}.Debug|ARM64.Build.0 = Debug|Any CPU
		{46A87580-E86F-453F-9E17-6342971D4AB7}.Debug|x64.ActiveCfg = Debug|Any CPU
		{46A87580-E86F-453F-9E17-6342971D4AB7}.Debug|x64.Build.0 = Debug|Any CPU
		{46A87580-E86F-453F-9E17-6342971D4AB7}.Debug|x86.ActiveCfg = Debug|Any CPU
		{46A87580-E86F-453F-9E17-6342971D4AB7}.Debug|x86.Build.0 = Debug|Any CPU
		{46A87580-E86F-453F-9E17-6342971D4AB7}.Release|Any CPU.ActiveCfg = Release|Any CPU
		{46A87580-E86F-453F-9E17-6342971D4AB7}.Release|Any CPU.Build.0 = Release|Any CPU
		{46A87580-E86F-453F-9E17-6342971D4AB7}.Release|ARM64.ActiveCfg = Release|Any CPU
		{46A87580-E86F-453F-9E17-6342971D4AB7}.Release|ARM64.Build.0 = Release|Any CPU
		{46A87580-E86F-453F-9E17-6342971D4AB7}.Release|x64.ActiveCfg = Release|Any CPU
		{46A87580-E86F-453F-9E17-6342971D4AB7}.Release|x64.Build.0 = Release|Any CPU
		{46A87580-E86F-453F-9E17-6342971D4AB7}.Release|x86.ActiveCfg = Release|Any CPU
		{46A87580-E86F-453F-9E17-6342971D4AB7}.Release|x86.Build.0 = Release|Any CPU
		{CFE3AFF3-C127-408F-8BD6-5FE930DFA53D}.Debug|Any CPU.ActiveCfg = Debug|x64
		{CFE3AFF3-C127-408F-8BD6-5FE930DFA53D}.Debug|Any CPU.Build.0 = Debug|x64
		{CFE3AFF3-C127-408F-8BD6-5FE930DFA53D}.Debug|Any CPU.Deploy.0 = Debug|x64
		{CFE3AFF3-C127-408F-8BD6-5FE930DFA53D}.Debug|ARM64.ActiveCfg = Debug|ARM64
		{CFE3AFF3-C127-408F-8BD6-5FE930DFA53D}.Debug|ARM64.Build.0 = Debug|ARM64
		{CFE3AFF3-C127-408F-8BD6-5FE930DFA53D}.Debug|ARM64.Deploy.0 = Debug|ARM64
		{CFE3AFF3-C127-408F-8BD6-5FE930DFA53D}.Debug|x64.ActiveCfg = Debug|x64
		{CFE3AFF3-C127-408F-8BD6-5FE930DFA53D}.Debug|x64.Build.0 = Debug|x64
		{CFE3AFF3-C127-408F-8BD6-5FE930DFA53D}.Debug|x64.Deploy.0 = Debug|x64
		{CFE3AFF3-C127-408F-8BD6-5FE930DFA53D}.Debug|x86.ActiveCfg = Debug|x86
		{CFE3AFF3-C127-408F-8BD6-5FE930DFA53D}.Debug|x86.Build.0 = Debug|x86
		{CFE3AFF3-C127-408F-8BD6-5FE930DFA53D}.Debug|x86.Deploy.0 = Debug|x86
		{CFE3AFF3-C127-408F-8BD6-5FE930DFA53D}.Release|Any CPU.ActiveCfg = Release|x64
		{CFE3AFF3-C127-408F-8BD6-5FE930DFA53D}.Release|Any CPU.Build.0 = Release|x64
		{CFE3AFF3-C127-408F-8BD6-5FE930DFA53D}.Release|Any CPU.Deploy.0 = Release|x64
		{CFE3AFF3-C127-408F-8BD6-5FE930DFA53D}.Release|ARM64.ActiveCfg = Release|ARM64
		{CFE3AFF3-C127-408F-8BD6-5FE930DFA53D}.Release|ARM64.Build.0 = Release|ARM64
		{CFE3AFF3-C127-408F-8BD6-5FE930DFA53D}.Release|ARM64.Deploy.0 = Release|ARM64
		{CFE3AFF3-C127-408F-8BD6-5FE930DFA53D}.Release|x64.ActiveCfg = Release|x64
		{CFE3AFF3-C127-408F-8BD6-5FE930DFA53D}.Release|x64.Build.0 = Release|x64
		{CFE3AFF3-C127-408F-8BD6-5FE930DFA53D}.Release|x64.Deploy.0 = Release|x64
		{CFE3AFF3-C127-408F-8BD6-5FE930DFA53D}.Release|x86.ActiveCfg = Release|x86
		{CFE3AFF3-C127-408F-8BD6-5FE930DFA53D}.Release|x86.Build.0 = Release|x86
		{CFE3AFF3-C127-408F-8BD6-5FE930DFA53D}.Release|x86.Deploy.0 = Release|x86
	EndGlobalSection
	GlobalSection(SolutionProperties) = preSolution
		HideSolutionNode = FALSE
	EndGlobalSection
	GlobalSection(ExtensibilityGlobals) = postSolution
		SolutionGuid = {CA794388-7C23-44D4-AAAD-6A1E60D7A74E}
	EndGlobalSection
EndGlobal
