
Microsoft Visual Studio Solution File, Format Version 12.00
# Visual Studio Version 17
VisualStudioVersion = 17.6.33606.364
MinimumVisualStudioVersion = 10.0.40219.1
Project("{2150E333-8FDC-42A3-9474-1A3956D46DE8}") = "Chapter01", "Chapter01", "{3809BD97-AF0F-4B18-AD9E-93904E888203}"
EndProject
Project("{9A19103F-16F7-4668-BE54-9A1E7A4F7556}") = "HelloWorld", "Chapter01\HelloWorld\HelloWorld.csproj", "{D8B3A851-E429-4927-A0B1-B6C421839771}"
EndProject
Project("{9A19103F-16F7-4668-BE54-9A1E7A4F7556}") = "WebApp", "Chapter01\WebApp\WebApp.csproj", "{C70642DB-F8A5-4C45-A525-8E22B9FA41E4}"
EndProject
Project("{9A19103F-16F7-4668-BE54-9A1E7A4F7556}") = "SelfContainedHelloWorld", "Chapter01\SelfContainedHelloWorld\SelfContainedHelloWorld.csproj", "{9ED69640-DEE4-4475-8CE8-0C5053C9406D}"
EndProject
Project("{2150E333-8FDC-42A3-9474-1A3956D46DE8}") = "Chapter02", "Chapter02", "{E3A4AC5A-5C70-461C-89F5-1F844B40766C}"
EndProject
Project("{9A19103F-16F7-4668-BE54-9A1E7A4F7556}") = "TopLevelStatements", "Chapter02\TopLevelStatements\TopLevelStatements.csproj", "{313B6791-0A1E-4364-8092-D5031FAE187B}"
EndProject
Project("{9A19103F-16F7-4668-BE54-9A1E7A4F7556}") = "CommandLineArgs", "Chapter02\CommandLineArgs\CommandLineArgs.csproj", "{DF9E150B-128E-48F2-B6F7-F5E3A70323FF}"
EndProject
Project("{9A19103F-16F7-4668-BE54-9A1E7A4F7556}") = "VariableScopeSample", "Chapter02\VariableScopeSample\VariableScopeSample.csproj", "{1DF71822-B29F-4F94-A40D-17EFDC228475}"
EndProject
Project("{9A19103F-16F7-4668-BE54-9A1E7A4F7556}") = "VariableScopeSample2", "Chapter02\VariableScopeSample2\VariableScopeSample2.csproj", "{85D03307-99C1-45D5-B35C-1E0ADC770627}"
EndProject
Project("{9A19103F-16F7-4668-BE54-9A1E7A4F7556}") = "NullableValueTypes", "Chapter02\NullableValueTypes\NullableValueTypes.csproj", "{AC977E35-D1A9-4202-97DC-9EDB9EBD7CFC}"
EndProject
Project("{9A19103F-16F7-4668-BE54-9A1E7A4F7556}") = "NullableReferenceTypes", "Chapter02\NullableReferenceTypes\NullableReferenceTypes.csproj", "{DB7AB942-CA31-4EA0-9908-4ADC20902DC2}"
EndProject
Project("{9A19103F-16F7-4668-BE54-9A1E7A4F7556}") = "DataTypes", "Chapter02\DataTypes\DataTypes.csproj", "{78A83FCE-6D56-45D4-A8DE-DE854CB8F51C}"
EndProject
Project("{9A19103F-16F7-4668-BE54-9A1E7A4F7556}") = "ProgramFlow", "Chapter02\ProgramFlow\ProgramFlow.csproj", "{66A20CD4-D340-4491-BFBC-9A5B541DFC91}"
EndProject
Project("{9A19103F-16F7-4668-BE54-9A1E7A4F7556}") = "SwitchStatement", "Chapter02\SwitchStatement\SwitchStatement.csproj", "{611CF765-5173-4E42-92B6-09CC800BD0A3}"
EndProject
Project("{9A19103F-16F7-4668-BE54-9A1E7A4F7556}") = "SwitchExpression", "Chapter02\SwitchExpression\SwitchExpression.csproj", "{D6858FD1-B530-4AA9-96C0-B94FDD94FB15}"
EndProject
Project("{9A19103F-16F7-4668-BE54-9A1E7A4F7556}") = "ForLoop", "Chapter02\ForLoop\ForLoop.csproj", "{0018BEAB-385D-47A7-8D90-D8D4A62FD7B6}"
EndProject
Project("{9A19103F-16F7-4668-BE54-9A1E7A4F7556}") = "StringSample", "Chapter02\StringSample\StringSample.csproj", "{ED4F54B1-12EF-4051-8067-223D1EF42720}"
EndProject
Project("{9A19103F-16F7-4668-BE54-9A1E7A4F7556}") = "Math", "Chapter02\Math\Math.csproj", "{C8B20028-9281-4EC5-8A56-2EE88B593E5D}"
EndProject
Project("{2150E333-8FDC-42A3-9474-1A3956D46DE8}") = "Chapter03", "Chapter03", "{44E2E780-83B0-40CC-93E3-DC691A95729D}"
EndProject
Project("{9A19103F-16F7-4668-BE54-9A1E7A4F7556}") = "TypesSample", "Chapter03\TypesSample\TypesSample.csproj", "{EB41F219-65F9-4215-A5ED-E035255F3337}"
EndProject
Project("{9A19103F-16F7-4668-BE54-9A1E7A4F7556}") = "ClassesSample", "Chapter03\ClassesSample\ClassesSample.csproj", "{CECC9E7C-34A6-4F18-BD5F-9F32A924CC4F}"
EndProject
Project("{9A19103F-16F7-4668-BE54-9A1E7A4F7556}") = "MathSample", "Chapter03\MathSample\MathSample.csproj", "{2CD96B77-FEB9-4276-8925-FC523835DF5D}"
EndProject
Project("{9A19103F-16F7-4668-BE54-9A1E7A4F7556}") = "ExtensionMethods", "Chapter03\ExtensionMethods\ExtensionMethods.csproj", "{C9183E27-5FC3-4CE4-BF07-7203EFBB2B2A}"
EndProject
Project("{9A19103F-16F7-4668-BE54-9A1E7A4F7556}") = "RecordsSample", "Chapter03\RecordsSample\RecordsSample.csproj", "{DF159774-63B0-4FC3-A299-1EF802DD6BC1}"
EndProject
Project("{9A19103F-16F7-4668-BE54-9A1E7A4F7556}") = "MethodSample", "Chapter03\MethodSample\MethodSample.csproj", "{FFF18BB5-A427-45EE-9B41-B5EE67C733B4}"
EndProject
Project("{9A19103F-16F7-4668-BE54-9A1E7A4F7556}") = "StructsSample", "Chapter03\StructsSample\StructsSample.csproj", "{4467E96A-545D-4950-B750-EBB4294741F1}"
EndProject
Project("{9A19103F-16F7-4668-BE54-9A1E7A4F7556}") = "EnumSample", "Chapter03\EnumSample\EnumSample.csproj", "{019CC5E4-EB7C-4E51-8077-EA38F44CF1F2}"
EndProject
Project("{9A19103F-16F7-4668-BE54-9A1E7A4F7556}") = "RefInOutSample", "Chapter03\RefInOutSample\RefInOutSample.csproj", "{60CA7416-A29E-46B4-92EB-E70DDA1DF674}"
EndProject
Project("{9A19103F-16F7-4668-BE54-9A1E7A4F7556}") = "TuplesSample", "Chapter03\TuplesSample\TuplesSample.csproj", "{7AB3ADEA-E3AC-432A-8C5E-0EE94097FA12}"
EndProject
Project("{9A19103F-16F7-4668-BE54-9A1E7A4F7556}") = "PatternMatchingSample", "Chapter03\PatternMatchingSample\PatternMatchingSample.csproj", "{3B044343-D67D-41E6-A348-2F0EC05ADB9C}"
EndProject
Project("{2150E333-8FDC-42A3-9474-1A3956D46DE8}") = "Chapter04", "Chapter04", "{0946A2D3-EE72-494E-8F4E-8A040132A3A0}"
EndProject
Project("{9A19103F-16F7-4668-BE54-9A1E7A4F7556}") = "VirtualMethods", "Chapter04\VirtualMethods\VirtualMethods.csproj", "{C5DB02B6-CD8D-4F73-A9A0-10ADD164B16A}"
EndProject
Project("{FAE04EC0-301F-11D3-BF4B-00C04F79EFBC}") = "AbstractClasses", "Chapter04\AbstractClasses\AbstractClasses.csproj", "{E930C3FD-1609-4EDC-B7A7-4552D035DCBB}"
EndProject
Project("{FAE04EC0-301F-11D3-BF4B-00C04F79EFBC}") = "InheritanceWithConstructors", "Chapter04\InheritanceWithConstructors\InheritanceWithConstructors.csproj", "{ACB1D760-1CDA-48D6-A3C4-33ECE1583F23}"
EndProject
Project("{FAE04EC0-301F-11D3-BF4B-00C04F79EFBC}") = "RecordsInheritance", "Chapter04\RecordsInheritance\RecordsInheritance.csproj", "{9650E433-64F3-4DE4-AD03-A621BA536B81}"
EndProject
Project("{FAE04EC0-301F-11D3-BF4B-00C04F79EFBC}") = "UsingInterfaces", "Chapter04\UsingInterfaces\UsingInterfaces.csproj", "{B773D71B-CA18-410C-A862-9BE18B4F14D2}"
EndProject
Project("{FAE04EC0-301F-11D3-BF4B-00C04F79EFBC}") = "DefaultInterfaceMethods", "Chapter04\DefaultInterfaceMethods\DefaultInterfaceMethods.csproj", "{CC4393A7-CC2A-4B69-8B63-399DCA2191D9}"
EndProject
Project("{FAE04EC0-301F-11D3-BF4B-00C04F79EFBC}") = "GenericTypes", "Chapter04\GenericTypes\GenericTypes.csproj", "{501E4B9C-D251-4196-A9FA-3DA546381D1A}"
EndProject
Project("{9A19103F-16F7-4668-BE54-9A1E7A4F7556}") = "GenericTypesWithConstraints", "Chapter04\GenericTypesWithConstraints\GenericTypesWithConstraints.csproj", "{9025EC35-BFC7-4323-9E44-F0D842E151E7}"
EndProject
Global
	GlobalSection(SolutionConfigurationPlatforms) = preSolution
		Debug|Any CPU = Debug|Any CPU
		Release|Any CPU = Release|Any CPU
	EndGlobalSection
	GlobalSection(ProjectConfigurationPlatforms) = postSolution
		{D8B3A851-E429-4927-A0B1-B6C421839771}.Debug|Any CPU.ActiveCfg = Debug|Any CPU
		{D8B3A851-E429-4927-A0B1-B6C421839771}.Debug|Any CPU.Build.0 = Debug|Any CPU
		{D8B3A851-E429-4927-A0B1-B6C421839771}.Release|Any CPU.ActiveCfg = Release|Any CPU
		{D8B3A851-E429-4927-A0B1-B6C421839771}.Release|Any CPU.Build.0 = Release|Any CPU
		{C70642DB-F8A5-4C45-A525-8E22B9FA41E4}.Debug|Any CPU.ActiveCfg = Debug|Any CPU
		{C70642DB-F8A5-4C45-A525-8E22B9FA41E4}.Debug|Any CPU.Build.0 = Debug|Any CPU
		{C70642DB-F8A5-4C45-A525-8E22B9FA41E4}.Release|Any CPU.ActiveCfg = Release|Any CPU
		{C70642DB-F8A5-4C45-A525-8E22B9FA41E4}.Release|Any CPU.Build.0 = Release|Any CPU
		{9ED69640-DEE4-4475-8CE8-0C5053C9406D}.Debug|Any CPU.ActiveCfg = Debug|Any CPU
		{9ED69640-DEE4-4475-8CE8-0C5053C9406D}.Debug|Any CPU.Build.0 = Debug|Any CPU
		{9ED69640-DEE4-4475-8CE8-0C5053C9406D}.Release|Any CPU.ActiveCfg = Release|Any CPU
		{9ED69640-DEE4-4475-8CE8-0C5053C9406D}.Release|Any CPU.Build.0 = Release|Any CPU
		{313B6791-0A1E-4364-8092-D5031FAE187B}.Debug|Any CPU.ActiveCfg = Debug|Any CPU
		{313B6791-0A1E-4364-8092-D5031FAE187B}.Debug|Any CPU.Build.0 = Debug|Any CPU
		{313B6791-0A1E-4364-8092-D5031FAE187B}.Release|Any CPU.ActiveCfg = Release|Any CPU
		{313B6791-0A1E-4364-8092-D5031FAE187B}.Release|Any CPU.Build.0 = Release|Any CPU
		{DF9E150B-128E-48F2-B6F7-F5E3A70323FF}.Debug|Any CPU.ActiveCfg = Debug|Any CPU
		{DF9E150B-128E-48F2-B6F7-F5E3A70323FF}.Debug|Any CPU.Build.0 = Debug|Any CPU
		{DF9E150B-128E-48F2-B6F7-F5E3A70323FF}.Release|Any CPU.ActiveCfg = Release|Any CPU
		{DF9E150B-128E-48F2-B6F7-F5E3A70323FF}.Release|Any CPU.Build.0 = Release|Any CPU
		{1DF71822-B29F-4F94-A40D-17EFDC228475}.Debug|Any CPU.ActiveCfg = Debug|Any CPU
		{1DF71822-B29F-4F94-A40D-17EFDC228475}.Debug|Any CPU.Build.0 = Debug|Any CPU
		{1DF71822-B29F-4F94-A40D-17EFDC228475}.Release|Any CPU.ActiveCfg = Release|Any CPU
		{1DF71822-B29F-4F94-A40D-17EFDC228475}.Release|Any CPU.Build.0 = Release|Any CPU
		{85D03307-99C1-45D5-B35C-1E0ADC770627}.Debug|Any CPU.ActiveCfg = Debug|Any CPU
		{85D03307-99C1-45D5-B35C-1E0ADC770627}.Debug|Any CPU.Build.0 = Debug|Any CPU
		{85D03307-99C1-45D5-B35C-1E0ADC770627}.Release|Any CPU.ActiveCfg = Release|Any CPU
		{85D03307-99C1-45D5-B35C-1E0ADC770627}.Release|Any CPU.Build.0 = Release|Any CPU
		{AC977E35-D1A9-4202-97DC-9EDB9EBD7CFC}.Debug|Any CPU.ActiveCfg = Debug|Any CPU
		{AC977E35-D1A9-4202-97DC-9EDB9EBD7CFC}.Debug|Any CPU.Build.0 = Debug|Any CPU
		{AC977E35-D1A9-4202-97DC-9EDB9EBD7CFC}.Release|Any CPU.ActiveCfg = Release|Any CPU
		{AC977E35-D1A9-4202-97DC-9EDB9EBD7CFC}.Release|Any CPU.Build.0 = Release|Any CPU
		{DB7AB942-CA31-4EA0-9908-4ADC20902DC2}.Debug|Any CPU.ActiveCfg = Debug|Any CPU
		{DB7AB942-CA31-4EA0-9908-4ADC20902DC2}.Debug|Any CPU.Build.0 = Debug|Any CPU
		{DB7AB942-CA31-4EA0-9908-4ADC20902DC2}.Release|Any CPU.ActiveCfg = Release|Any CPU
		{DB7AB942-CA31-4EA0-9908-4ADC20902DC2}.Release|Any CPU.Build.0 = Release|Any CPU
		{78A83FCE-6D56-45D4-A8DE-DE854CB8F51C}.Debug|Any CPU.ActiveCfg = Debug|Any CPU
		{78A83FCE-6D56-45D4-A8DE-DE854CB8F51C}.Debug|Any CPU.Build.0 = Debug|Any CPU
		{78A83FCE-6D56-45D4-A8DE-DE854CB8F51C}.Release|Any CPU.ActiveCfg = Release|Any CPU
		{78A83FCE-6D56-45D4-A8DE-DE854CB8F51C}.Release|Any CPU.Build.0 = Release|Any CPU
		{66A20CD4-D340-4491-BFBC-9A5B541DFC91}.Debug|Any CPU.ActiveCfg = Debug|Any CPU
		{66A20CD4-D340-4491-BFBC-9A5B541DFC91}.Debug|Any CPU.Build.0 = Debug|Any CPU
		{66A20CD4-D340-4491-BFBC-9A5B541DFC91}.Release|Any CPU.ActiveCfg = Release|Any CPU
		{66A20CD4-D340-4491-BFBC-9A5B541DFC91}.Release|Any CPU.Build.0 = Release|Any CPU
		{611CF765-5173-4E42-92B6-09CC800BD0A3}.Debug|Any CPU.ActiveCfg = Debug|Any CPU
		{611CF765-5173-4E42-92B6-09CC800BD0A3}.Debug|Any CPU.Build.0 = Debug|Any CPU
		{611CF765-5173-4E42-92B6-09CC800BD0A3}.Release|Any CPU.ActiveCfg = Release|Any CPU
		{611CF765-5173-4E42-92B6-09CC800BD0A3}.Release|Any CPU.Build.0 = Release|Any CPU
		{D6858FD1-B530-4AA9-96C0-B94FDD94FB15}.Debug|Any CPU.ActiveCfg = Debug|Any CPU
		{D6858FD1-B530-4AA9-96C0-B94FDD94FB15}.Debug|Any CPU.Build.0 = Debug|Any CPU
		{D6858FD1-B530-4AA9-96C0-B94FDD94FB15}.Release|Any CPU.ActiveCfg = Release|Any CPU
		{D6858FD1-B530-4AA9-96C0-B94FDD94FB15}.Release|Any CPU.Build.0 = Release|Any CPU
		{0018BEAB-385D-47A7-8D90-D8D4A62FD7B6}.Debug|Any CPU.ActiveCfg = Debug|Any CPU
		{0018BEAB-385D-47A7-8D90-D8D4A62FD7B6}.Debug|Any CPU.Build.0 = Debug|Any CPU
		{0018BEAB-385D-47A7-8D90-D8D4A62FD7B6}.Release|Any CPU.ActiveCfg = Release|Any CPU
		{0018BEAB-385D-47A7-8D90-D8D4A62FD7B6}.Release|Any CPU.Build.0 = Release|Any CPU
		{ED4F54B1-12EF-4051-8067-223D1EF42720}.Debug|Any CPU.ActiveCfg = Debug|Any CPU
		{ED4F54B1-12EF-4051-8067-223D1EF42720}.Debug|Any CPU.Build.0 = Debug|Any CPU
		{ED4F54B1-12EF-4051-8067-223D1EF42720}.Release|Any CPU.ActiveCfg = Release|Any CPU
		{ED4F54B1-12EF-4051-8067-223D1EF42720}.Release|Any CPU.Build.0 = Release|Any CPU
		{C8B20028-9281-4EC5-8A56-2EE88B593E5D}.Debug|Any CPU.ActiveCfg = Debug|Any CPU
		{C8B20028-9281-4EC5-8A56-2EE88B593E5D}.Debug|Any CPU.Build.0 = Debug|Any CPU
		{C8B20028-9281-4EC5-8A56-2EE88B593E5D}.Release|Any CPU.ActiveCfg = Release|Any CPU
		{C8B20028-9281-4EC5-8A56-2EE88B593E5D}.Release|Any CPU.Build.0 = Release|Any CPU
		{EB41F219-65F9-4215-A5ED-E035255F3337}.Debug|Any CPU.ActiveCfg = Debug|Any CPU
		{EB41F219-65F9-4215-A5ED-E035255F3337}.Debug|Any CPU.Build.0 = Debug|Any CPU
		{EB41F219-65F9-4215-A5ED-E035255F3337}.Release|Any CPU.ActiveCfg = Release|Any CPU
		{EB41F219-65F9-4215-A5ED-E035255F3337}.Release|Any CPU.Build.0 = Release|Any CPU
		{CECC9E7C-34A6-4F18-BD5F-9F32A924CC4F}.Debug|Any CPU.ActiveCfg = Debug|Any CPU
		{CECC9E7C-34A6-4F18-BD5F-9F32A924CC4F}.Debug|Any CPU.Build.0 = Debug|Any CPU
		{CECC9E7C-34A6-4F18-BD5F-9F32A924CC4F}.Release|Any CPU.ActiveCfg = Release|Any CPU
		{CECC9E7C-34A6-4F18-BD5F-9F32A924CC4F}.Release|Any CPU.Build.0 = Release|Any CPU
		{2CD96B77-FEB9-4276-8925-FC523835DF5D}.Debug|Any CPU.ActiveCfg = Debug|Any CPU
		{2CD96B77-FEB9-4276-8925-FC523835DF5D}.Debug|Any CPU.Build.0 = Debug|Any CPU
		{2CD96B77-FEB9-4276-8925-FC523835DF5D}.Release|Any CPU.ActiveCfg = Release|Any CPU
		{2CD96B77-FEB9-4276-8925-FC523835DF5D}.Release|Any CPU.Build.0 = Release|Any CPU
		{C9183E27-5FC3-4CE4-BF07-7203EFBB2B2A}.Debug|Any CPU.ActiveCfg = Debug|Any CPU
		{C9183E27-5FC3-4CE4-BF07-7203EFBB2B2A}.Debug|Any CPU.Build.0 = Debug|Any CPU
		{C9183E27-5FC3-4CE4-BF07-7203EFBB2B2A}.Release|Any CPU.ActiveCfg = Release|Any CPU
		{C9183E27-5FC3-4CE4-BF07-7203EFBB2B2A}.Release|Any CPU.Build.0 = Release|Any CPU
		{DF159774-63B0-4FC3-A299-1EF802DD6BC1}.Debug|Any CPU.ActiveCfg = Debug|Any CPU
		{DF159774-63B0-4FC3-A299-1EF802DD6BC1}.Debug|Any CPU.Build.0 = Debug|Any CPU
		{DF159774-63B0-4FC3-A299-1EF802DD6BC1}.Release|Any CPU.ActiveCfg = Release|Any CPU
		{DF159774-63B0-4FC3-A299-1EF802DD6BC1}.Release|Any CPU.Build.0 = Release|Any CPU
		{FFF18BB5-A427-45EE-9B41-B5EE67C733B4}.Debug|Any CPU.ActiveCfg = Debug|Any CPU
		{FFF18BB5-A427-45EE-9B41-B5EE67C733B4}.Debug|Any CPU.Build.0 = Debug|Any CPU
		{FFF18BB5-A427-45EE-9B41-B5EE67C733B4}.Release|Any CPU.ActiveCfg = Release|Any CPU
		{FFF18BB5-A427-45EE-9B41-B5EE67C733B4}.Release|Any CPU.Build.0 = Release|Any CPU
		{4467E96A-545D-4950-B750-EBB4294741F1}.Debug|Any CPU.ActiveCfg = Debug|Any CPU
		{4467E96A-545D-4950-B750-EBB4294741F1}.Debug|Any CPU.Build.0 = Debug|Any CPU
		{4467E96A-545D-4950-B750-EBB4294741F1}.Release|Any CPU.ActiveCfg = Release|Any CPU
		{4467E96A-545D-4950-B750-EBB4294741F1}.Release|Any CPU.Build.0 = Release|Any CPU
		{019CC5E4-EB7C-4E51-8077-EA38F44CF1F2}.Debug|Any CPU.ActiveCfg = Debug|Any CPU
		{019CC5E4-EB7C-4E51-8077-EA38F44CF1F2}.Debug|Any CPU.Build.0 = Debug|Any CPU
		{019CC5E4-EB7C-4E51-8077-EA38F44CF1F2}.Release|Any CPU.ActiveCfg = Release|Any CPU
		{019CC5E4-EB7C-4E51-8077-EA38F44CF1F2}.Release|Any CPU.Build.0 = Release|Any CPU
		{60CA7416-A29E-46B4-92EB-E70DDA1DF674}.Debug|Any CPU.ActiveCfg = Debug|Any CPU
		{60CA7416-A29E-46B4-92EB-E70DDA1DF674}.Debug|Any CPU.Build.0 = Debug|Any CPU
		{60CA7416-A29E-46B4-92EB-E70DDA1DF674}.Release|Any CPU.ActiveCfg = Release|Any CPU
		{60CA7416-A29E-46B4-92EB-E70DDA1DF674}.Release|Any CPU.Build.0 = Release|Any CPU
		{7AB3ADEA-E3AC-432A-8C5E-0EE94097FA12}.Debug|Any CPU.ActiveCfg = Debug|Any CPU
		{7AB3ADEA-E3AC-432A-8C5E-0EE94097FA12}.Debug|Any CPU.Build.0 = Debug|Any CPU
		{7AB3ADEA-E3AC-432A-8C5E-0EE94097FA12}.Release|Any CPU.ActiveCfg = Release|Any CPU
		{7AB3ADEA-E3AC-432A-8C5E-0EE94097FA12}.Release|Any CPU.Build.0 = Release|Any CPU
		{3B044343-D67D-41E6-A348-2F0EC05ADB9C}.Debug|Any CPU.ActiveCfg = Debug|Any CPU
		{3B044343-D67D-41E6-A348-2F0EC05ADB9C}.Debug|Any CPU.Build.0 = Debug|Any CPU
		{3B044343-D67D-41E6-A348-2F0EC05ADB9C}.Release|Any CPU.ActiveCfg = Release|Any CPU
		{3B044343-D67D-41E6-A348-2F0EC05ADB9C}.Release|Any CPU.Build.0 = Release|Any CPU
		{C5DB02B6-CD8D-4F73-A9A0-10ADD164B16A}.Debug|Any CPU.ActiveCfg = Debug|Any CPU
		{C5DB02B6-CD8D-4F73-A9A0-10ADD164B16A}.Debug|Any CPU.Build.0 = Debug|Any CPU
		{C5DB02B6-CD8D-4F73-A9A0-10ADD164B16A}.Release|Any CPU.ActiveCfg = Release|Any CPU
		{C5DB02B6-CD8D-4F73-A9A0-10ADD164B16A}.Release|Any CPU.Build.0 = Release|Any CPU
		{E930C3FD-1609-4EDC-B7A7-4552D035DCBB}.Debug|Any CPU.ActiveCfg = Debug|Any CPU
		{E930C3FD-1609-4EDC-B7A7-4552D035DCBB}.Debug|Any CPU.Build.0 = Debug|Any CPU
		{E930C3FD-1609-4EDC-B7A7-4552D035DCBB}.Release|Any CPU.ActiveCfg = Release|Any CPU
		{E930C3FD-1609-4EDC-B7A7-4552D035DCBB}.Release|Any CPU.Build.0 = Release|Any CPU
		{ACB1D760-1CDA-48D6-A3C4-33ECE1583F23}.Debug|Any CPU.ActiveCfg = Debug|Any CPU
		{ACB1D760-1CDA-48D6-A3C4-33ECE1583F23}.Debug|Any CPU.Build.0 = Debug|Any CPU
		{ACB1D760-1CDA-48D6-A3C4-33ECE1583F23}.Release|Any CPU.ActiveCfg = Release|Any CPU
		{ACB1D760-1CDA-48D6-A3C4-33ECE1583F23}.Release|Any CPU.Build.0 = Release|Any CPU
		{9650E433-64F3-4DE4-AD03-A621BA536B81}.Debug|Any CPU.ActiveCfg = Debug|Any CPU
		{9650E433-64F3-4DE4-AD03-A621BA536B81}.Debug|Any CPU.Build.0 = Debug|Any CPU
		{9650E433-64F3-4DE4-AD03-A621BA536B81}.Release|Any CPU.ActiveCfg = Release|Any CPU
		{9650E433-64F3-4DE4-AD03-A621BA536B81}.Release|Any CPU.Build.0 = Release|Any CPU
		{B773D71B-CA18-410C-A862-9BE18B4F14D2}.Debug|Any CPU.ActiveCfg = Debug|Any CPU
		{B773D71B-CA18-410C-A862-9BE18B4F14D2}.Debug|Any CPU.Build.0 = Debug|Any CPU
		{B773D71B-CA18-410C-A862-9BE18B4F14D2}.Release|Any CPU.ActiveCfg = Release|Any CPU
		{B773D71B-CA18-410C-A862-9BE18B4F14D2}.Release|Any CPU.Build.0 = Release|Any CPU
		{CC4393A7-CC2A-4B69-8B63-399DCA2191D9}.Debug|Any CPU.ActiveCfg = Debug|Any CPU
		{CC4393A7-CC2A-4B69-8B63-399DCA2191D9}.Debug|Any CPU.Build.0 = Debug|Any CPU
		{CC4393A7-CC2A-4B69-8B63-399DCA2191D9}.Release|Any CPU.ActiveCfg = Release|Any CPU
		{CC4393A7-CC2A-4B69-8B63-399DCA2191D9}.Release|Any CPU.Build.0 = Release|Any CPU
		{501E4B9C-D251-4196-A9FA-3DA546381D1A}.Debug|Any CPU.ActiveCfg = Debug|Any CPU
		{501E4B9C-D251-4196-A9FA-3DA546381D1A}.Debug|Any CPU.Build.0 = Debug|Any CPU
		{501E4B9C-D251-4196-A9FA-3DA546381D1A}.Release|Any CPU.ActiveCfg = Release|Any CPU
		{501E4B9C-D251-4196-A9FA-3DA546381D1A}.Release|Any CPU.Build.0 = Release|Any CPU
		{9025EC35-BFC7-4323-9E44-F0D842E151E7}.Debug|Any CPU.ActiveCfg = Debug|Any CPU
		{9025EC35-BFC7-4323-9E44-F0D842E151E7}.Debug|Any CPU.Build.0 = Debug|Any CPU
		{9025EC35-BFC7-4323-9E44-F0D842E151E7}.Release|Any CPU.ActiveCfg = Release|Any CPU
		{9025EC35-BFC7-4323-9E44-F0D842E151E7}.Release|Any CPU.Build.0 = Release|Any CPU
	EndGlobalSection
	GlobalSection(SolutionProperties) = preSolution
		HideSolutionNode = FALSE
	EndGlobalSection
	GlobalSection(NestedProjects) = preSolution
		{D8B3A851-E429-4927-A0B1-B6C421839771} = {3809BD97-AF0F-4B18-AD9E-93904E888203}
		{C70642DB-F8A5-4C45-A525-8E22B9FA41E4} = {3809BD97-AF0F-4B18-AD9E-93904E888203}
		{9ED69640-DEE4-4475-8CE8-0C5053C9406D} = {3809BD97-AF0F-4B18-AD9E-93904E888203}
		{313B6791-0A1E-4364-8092-D5031FAE187B} = {E3A4AC5A-5C70-461C-89F5-1F844B40766C}
		{DF9E150B-128E-48F2-B6F7-F5E3A70323FF} = {E3A4AC5A-5C70-461C-89F5-1F844B40766C}
		{1DF71822-B29F-4F94-A40D-17EFDC228475} = {E3A4AC5A-5C70-461C-89F5-1F844B40766C}
		{85D03307-99C1-45D5-B35C-1E0ADC770627} = {E3A4AC5A-5C70-461C-89F5-1F844B40766C}
		{AC977E35-D1A9-4202-97DC-9EDB9EBD7CFC} = {E3A4AC5A-5C70-461C-89F5-1F844B40766C}
		{DB7AB942-CA31-4EA0-9908-4ADC20902DC2} = {E3A4AC5A-5C70-461C-89F5-1F844B40766C}
		{78A83FCE-6D56-45D4-A8DE-DE854CB8F51C} = {E3A4AC5A-5C70-461C-89F5-1F844B40766C}
		{66A20CD4-D340-4491-BFBC-9A5B541DFC91} = {E3A4AC5A-5C70-461C-89F5-1F844B40766C}
		{611CF765-5173-4E42-92B6-09CC800BD0A3} = {E3A4AC5A-5C70-461C-89F5-1F844B40766C}
		{D6858FD1-B530-4AA9-96C0-B94FDD94FB15} = {E3A4AC5A-5C70-461C-89F5-1F844B40766C}
		{0018BEAB-385D-47A7-8D90-D8D4A62FD7B6} = {E3A4AC5A-5C70-461C-89F5-1F844B40766C}
		{ED4F54B1-12EF-4051-8067-223D1EF42720} = {E3A4AC5A-5C70-461C-89F5-1F844B40766C}
		{C8B20028-9281-4EC5-8A56-2EE88B593E5D} = {E3A4AC5A-5C70-461C-89F5-1F844B40766C}
		{EB41F219-65F9-4215-A5ED-E035255F3337} = {44E2E780-83B0-40CC-93E3-DC691A95729D}
		{CECC9E7C-34A6-4F18-BD5F-9F32A924CC4F} = {44E2E780-83B0-40CC-93E3-DC691A95729D}
		{2CD96B77-FEB9-4276-8925-FC523835DF5D} = {44E2E780-83B0-40CC-93E3-DC691A95729D}
		{C9183E27-5FC3-4CE4-BF07-7203EFBB2B2A} = {44E2E780-83B0-40CC-93E3-DC691A95729D}
		{DF159774-63B0-4FC3-A299-1EF802DD6BC1} = {44E2E780-83B0-40CC-93E3-DC691A95729D}
		{FFF18BB5-A427-45EE-9B41-B5EE67C733B4} = {44E2E780-83B0-40CC-93E3-DC691A95729D}
		{4467E96A-545D-4950-B750-EBB4294741F1} = {44E2E780-83B0-40CC-93E3-DC691A95729D}
		{019CC5E4-EB7C-4E51-8077-EA38F44CF1F2} = {44E2E780-83B0-40CC-93E3-DC691A95729D}
		{60CA7416-A29E-46B4-92EB-E70DDA1DF674} = {44E2E780-83B0-40CC-93E3-DC691A95729D}
		{7AB3ADEA-E3AC-432A-8C5E-0EE94097FA12} = {44E2E780-83B0-40CC-93E3-DC691A95729D}
		{3B044343-D67D-41E6-A348-2F0EC05ADB9C} = {44E2E780-83B0-40CC-93E3-DC691A95729D}
		{C5DB02B6-CD8D-4F73-A9A0-10ADD164B16A} = {0946A2D3-EE72-494E-8F4E-8A040132A3A0}
		{E930C3FD-1609-4EDC-B7A7-4552D035DCBB} = {0946A2D3-EE72-494E-8F4E-8A040132A3A0}
		{ACB1D760-1CDA-48D6-A3C4-33ECE1583F23} = {0946A2D3-EE72-494E-8F4E-8A040132A3A0}
		{9650E433-64F3-4DE4-AD03-A621BA536B81} = {0946A2D3-EE72-494E-8F4E-8A040132A3A0}
		{B773D71B-CA18-410C-A862-9BE18B4F14D2} = {0946A2D3-EE72-494E-8F4E-8A040132A3A0}
		{CC4393A7-CC2A-4B69-8B63-399DCA2191D9} = {0946A2D3-EE72-494E-8F4E-8A040132A3A0}
		{501E4B9C-D251-4196-A9FA-3DA546381D1A} = {0946A2D3-EE72-494E-8F4E-8A040132A3A0}
		{9025EC35-BFC7-4323-9E44-F0D842E151E7} = {0946A2D3-EE72-494E-8F4E-8A040132A3A0}
	EndGlobalSection
	GlobalSection(ExtensibilityGlobals) = postSolution
		SolutionGuid = {1EE6E0C5-D680-447E-A258-5C378313059D}
	EndGlobalSection
EndGlobal
