
Microsoft Visual Studio Solution File, Format Version 12.00
# Visual Studio Version 17
VisualStudioVersion = 17.7.33711.374
MinimumVisualStudioVersion = 10.0.40219.1
Project("{9A19103F-16F7-4668-BE54-9A1E7A4F7556}") = "FilesAndFolders", "FilesAndFolders\FilesAndFolders.csproj", "{A20EFAB4-724F-4EEF-A2DE-7ACD9CD23AB3}"
EndProject
Project("{9A19103F-16F7-4668-BE54-9A1E7A4F7556}") = "StreamSamples", "StreamSamples\StreamSamples.csproj", "{76578115-9485-43BD-9F51-43625CBAE013}"
EndProject
Project("{9A19103F-16F7-4668-BE54-9A1E7A4F7556}") = "ReaderWriterSamples", "ReaderWriterSamples\ReaderWriterSamples.csproj", "{3626D4F0-CAB6-4B04-903E-2CA3A9D76C04}"
EndProject
Project("{9A19103F-16F7-4668-BE54-9A1E7A4F7556}") = "CompressFilesample", "CompressFilesample\CompressFilesample.csproj", "{0031416A-38B3-47FD-AC26-4EBE55F280EF}"
EndProject
Project("{9A19103F-16F7-4668-BE54-9A1E7A4F7556}") = "FileMonitor", "FileMonitor\FileMonitor.csproj", "{365E0405-00FA-4A82-BC7D-4B53953FF0ED}"
EndProject
Project("{9A19103F-16F7-4668-BE54-9A1E7A4F7556}") = "JsonSample", "JsonSample\JsonSample.csproj", "{F799076A-A41C-4BC2-9366-6D00B95DF25F}"
EndProject
Project("{FAE04EC0-301F-11D3-BF4B-00C04F79EFBC}") = "WinUIAppEditor", "WinUIAppEditor\WinUIAppEditor.csproj", "{90BB0B82-80EA-4928-8772-235F1E898DFD}"
EndProject
Global
	GlobalSection(SolutionConfigurationPlatforms) = preSolution
		Debug|Any CPU = Debug|Any CPU
		Debug|ARM64 = Debug|ARM64
		Debug|x64 = Debug|x64
		Debug|x86 = Debug|x86
		Release|Any CPU = Release|Any CPU
		Release|ARM64 = Release|ARM64
		Release|x64 = Release|x64
		Release|x86 = Release|x86
	EndGlobalSection
	GlobalSection(ProjectConfigurationPlatforms) = postSolution
		{A20EFAB4-724F-4EEF-A2DE-7ACD9CD23AB3}.Debug|Any CPU.ActiveCfg = Debug|Any CPU
		{A20EFAB4-724F-4EEF-A2DE-7ACD9CD23AB3}.Debug|Any CPU.Build.0 = Debug|Any CPU
		{A20EFAB4-724F-4EEF-A2DE-7ACD9CD23AB3}.Debug|ARM64.ActiveCfg = Debug|Any CPU
		{A20EFAB4-724F-4EEF-A2DE-7ACD9CD23AB3}.Debug|ARM64.Build.0 = Debug|Any CPU
		{A20EFAB4-724F-4EEF-A2DE-7ACD9CD23AB3}.Debug|x64.ActiveCfg = Debug|Any CPU
		{A20EFAB4-724F-4EEF-A2DE-7ACD9CD23AB3}.Debug|x64.Build.0 = Debug|Any CPU
		{A20EFAB4-724F-4EEF-A2DE-7ACD9CD23AB3}.Debug|x86.ActiveCfg = Debug|Any CPU
		{A20EFAB4-724F-4EEF-A2DE-7ACD9CD23AB3}.Debug|x86.Build.0 = Debug|Any CPU
		{A20EFAB4-724F-4EEF-A2DE-7ACD9CD23AB3}.Release|Any CPU.ActiveCfg = Release|Any CPU
		{A20EFAB4-724F-4EEF-A2DE-7ACD9CD23AB3}.Release|Any CPU.Build.0 = Release|Any CPU
		{A20EFAB4-724F-4EEF-A2DE-7ACD9CD23AB3}.Release|ARM64.ActiveCfg = Release|Any CPU
		{A20EFAB4-724F-4EEF-A2DE-7ACD9CD23AB3}.Release|ARM64.Build.0 = Release|Any CPU
		{A20EFAB4-724F-4EEF-A2DE-7ACD9CD23AB3}.Release|x64.ActiveCfg = Release|Any CPU
		{A20EFAB4-724F-4EEF-A2DE-7ACD9CD23AB3}.Release|x64.Build.0 = Release|Any CPU
		{A20EFAB4-724F-4EEF-A2DE-7ACD9CD23AB3}.Release|x86.ActiveCfg = Release|Any CPU
		{A20EFAB4-724F-4EEF-A2DE-7ACD9CD23AB3}.Release|x86.Build.0 = Release|Any CPU
		{76578115-9485-43BD-9F51-43625CBAE013}.Debug|Any CPU.ActiveCfg = Debug|Any CPU
		{76578115-9485-43BD-9F51-43625CBAE013}.Debug|Any CPU.Build.0 = Debug|Any CPU
		{76578115-9485-43BD-9F51-43625CBAE013}.Debug|ARM64.ActiveCfg = Debug|Any CPU
		{76578115-9485-43BD-9F51-43625CBAE013}.Debug|ARM64.Build.0 = Debug|Any CPU
		{76578115-9485-43BD-9F51-43625CBAE013}.Debug|x64.ActiveCfg = Debug|Any CPU
		{76578115-9485-43BD-9F51-43625CBAE013}.Debug|x64.Build.0 = Debug|Any CPU
		{76578115-9485-43BD-9F51-43625CBAE013}.Debug|x86.ActiveCfg = Debug|Any CPU
		{76578115-9485-43BD-9F51-43625CBAE013}.Debug|x86.Build.0 = Debug|Any CPU
		{76578115-9485-43BD-9F51-43625CBAE013}.Release|Any CPU.ActiveCfg = Release|Any CPU
		{76578115-9485-43BD-9F51-43625CBAE013}.Release|Any CPU.Build.0 = Release|Any CPU
		{76578115-9485-43BD-9F51-43625CBAE013}.Release|ARM64.ActiveCfg = Release|Any CPU
		{76578115-9485-43BD-9F51-43625CBAE013}.Release|ARM64.Build.0 = Release|Any CPU
		{76578115-9485-43BD-9F51-43625CBAE013}.Release|x64.ActiveCfg = Release|Any CPU
		{76578115-9485-43BD-9F51-43625CBAE013}.Release|x64.Build.0 = Release|Any CPU
		{76578115-9485-43BD-9F51-43625CBAE013}.Release|x86.ActiveCfg = Release|Any CPU
		{76578115-9485-43BD-9F51-43625CBAE013}.Release|x86.Build.0 = Release|Any CPU
		{3626D4F0-CAB6-4B04-903E-2CA3A9D76C04}.Debug|Any CPU.ActiveCfg = Debug|Any CPU
		{3626D4F0-CAB6-4B04-903E-2CA3A9D76C04}.Debug|Any CPU.Build.0 = Debug|Any CPU
		{3626D4F0-CAB6-4B04-903E-2CA3A9D76C04}.Debug|ARM64.ActiveCfg = Debug|Any CPU
		{3626D4F0-CAB6-4B04-903E-2CA3A9D76C04}.Debug|ARM64.Build.0 = Debug|Any CPU
		{3626D4F0-CAB6-4B04-903E-2CA3A9D76C04}.Debug|x64.ActiveCfg = Debug|Any CPU
		{3626D4F0-CAB6-4B04-903E-2CA3A9D76C04}.Debug|x64.Build.0 = Debug|Any CPU
		{3626D4F0-CAB6-4B04-903E-2CA3A9D76C04}.Debug|x86.ActiveCfg = Debug|Any CPU
		{3626D4F0-CAB6-4B04-903E-2CA3A9D76C04}.Debug|x86.Build.0 = Debug|Any CPU
		{3626D4F0-CAB6-4B04-903E-2CA3A9D76C04}.Release|Any CPU.ActiveCfg = Release|Any CPU
		{3626D4F0-CAB6-4B04-903E-2CA3A9D76C04}.Release|Any CPU.Build.0 = Release|Any CPU
		{3626D4F0-CAB6-4B04-903E-2CA3A9D76C04}.Release|ARM64.ActiveCfg = Release|Any CPU
		{3626D4F0-CAB6-4B04-903E-2CA3A9D76C04}.Release|ARM64.Build.0 = Release|Any CPU
		{3626D4F0-CAB6-4B04-903E-2CA3A9D76C04}.Release|x64.ActiveCfg = Release|Any CPU
		{3626D4F0-CAB6-4B04-903E-2CA3A9D76C04}.Release|x64.Build.0 = Release|Any CPU
		{3626D4F0-CAB6-4B04-903E-2CA3A9D76C04}.Release|x86.ActiveCfg = Release|Any CPU
		{3626D4F0-CAB6-4B04-903E-2CA3A9D76C04}.Release|x86.Build.0 = Release|Any CPU
		{0031416A-38B3-47FD-AC26-4EBE55F280EF}.Debug|Any CPU.ActiveCfg = Debug|Any CPU
		{0031416A-38B3-47FD-AC26-4EBE55F280EF}.Debug|Any CPU.Build.0 = Debug|Any CPU
		{0031416A-38B3-47FD-AC26-4EBE55F280EF}.Debug|ARM64.ActiveCfg = Debug|Any CPU
		{0031416A-38B3-47FD-AC26-4EBE55F280EF}.Debug|ARM64.Build.0 = Debug|Any CPU
		{0031416A-38B3-47FD-AC26-4EBE55F280EF}.Debug|x64.ActiveCfg = Debug|Any CPU
		{0031416A-38B3-47FD-AC26-4EBE55F280EF}.Debug|x64.Build.0 = Debug|Any CPU
		{0031416A-38B3-47FD-AC26-4EBE55F280EF}.Debug|x86.ActiveCfg = Debug|Any CPU
		{0031416A-38B3-47FD-AC26-4EBE55F280EF}.Debug|x86.Build.0 = Debug|Any CPU
		{0031416A-38B3-47FD-AC26-4EBE55F280EF}.Release|Any CPU.ActiveCfg = Release|Any CPU
		{0031416A-38B3-47FD-AC26-4EBE55F280EF}.Release|Any CPU.Build.0 = Release|Any CPU
		{0031416A-38B3-47FD-AC26-4EBE55F280EF}.Release|ARM64.ActiveCfg = Release|Any CPU
		{0031416A-38B3-47FD-AC26-4EBE55F280EF}.Release|ARM64.Build.0 = Release|Any CPU
		{0031416A-38B3-47FD-AC26-4EBE55F280EF}.Release|x64.ActiveCfg = Release|Any CPU
		{0031416A-38B3-47FD-AC26-4EBE55F280EF}.Release|x64.Build.0 = Release|Any CPU
		{0031416A-38B3-47FD-AC26-4EBE55F280EF}.Release|x86.ActiveCfg = Release|Any CPU
		{0031416A-38B3-47FD-AC26-4EBE55F280EF}.Release|x86.Build.0 = Release|Any CPU
		{365E0405-00FA-4A82-BC7D-4B53953FF0ED}.Debug|Any CPU.ActiveCfg = Debug|Any CPU
		{365E0405-00FA-4A82-BC7D-4B53953FF0ED}.Debug|Any CPU.Build.0 = Debug|Any CPU
		{365E0405-00FA-4A82-BC7D-4B53953FF0ED}.Debug|ARM64.ActiveCfg = Debug|Any CPU
		{365E0405-00FA-4A82-BC7D-4B53953FF0ED}.Debug|ARM64.Build.0 = Debug|Any CPU
		{365E0405-00FA-4A82-BC7D-4B53953FF0ED}.Debug|x64.ActiveCfg = Debug|Any CPU
		{365E0405-00FA-4A82-BC7D-4B53953FF0ED}.Debug|x64.Build.0 = Debug|Any CPU
		{365E0405-00FA-4A82-BC7D-4B53953FF0ED}.Debug|x86.ActiveCfg = Debug|Any CPU
		{365E0405-00FA-4A82-BC7D-4B53953FF0ED}.Debug|x86.Build.0 = Debug|Any CPU
		{365E0405-00FA-4A82-BC7D-4B53953FF0ED}.Release|Any CPU.ActiveCfg = Release|Any CPU
		{365E0405-00FA-4A82-BC7D-4B53953FF0ED}.Release|Any CPU.Build.0 = Release|Any CPU
		{365E0405-00FA-4A82-BC7D-4B53953FF0ED}.Release|ARM64.ActiveCfg = Release|Any CPU
		{365E0405-00FA-4A82-BC7D-4B53953FF0ED}.Release|ARM64.Build.0 = Release|Any CPU
		{365E0405-00FA-4A82-BC7D-4B53953FF0ED}.Release|x64.ActiveCfg = Release|Any CPU
		{365E0405-00FA-4A82-BC7D-4B53953FF0ED}.Release|x64.Build.0 = Release|Any CPU
		{365E0405-00FA-4A82-BC7D-4B53953FF0ED}.Release|x86.ActiveCfg = Release|Any CPU
		{365E0405-00FA-4A82-BC7D-4B53953FF0ED}.Release|x86.Build.0 = Release|Any CPU
		{F799076A-A41C-4BC2-9366-6D00B95DF25F}.Debug|Any CPU.ActiveCfg = Debug|Any CPU
		{F799076A-A41C-4BC2-9366-6D00B95DF25F}.Debug|Any CPU.Build.0 = Debug|Any CPU
		{F799076A-A41C-4BC2-9366-6D00B95DF25F}.Debug|ARM64.ActiveCfg = Debug|Any CPU
		{F799076A-A41C-4BC2-9366-6D00B95DF25F}.Debug|ARM64.Build.0 = Debug|Any CPU
		{F799076A-A41C-4BC2-9366-6D00B95DF25F}.Debug|x64.ActiveCfg = Debug|Any CPU
		{F799076A-A41C-4BC2-9366-6D00B95DF25F}.Debug|x64.Build.0 = Debug|Any CPU
		{F799076A-A41C-4BC2-9366-6D00B95DF25F}.Debug|x86.ActiveCfg = Debug|Any CPU
		{F799076A-A41C-4BC2-9366-6D00B95DF25F}.Debug|x86.Build.0 = Debug|Any CPU
		{F799076A-A41C-4BC2-9366-6D00B95DF25F}.Release|Any CPU.ActiveCfg = Release|Any CPU
		{F799076A-A41C-4BC2-9366-6D00B95DF25F}.Release|Any CPU.Build.0 = Release|Any CPU
		{F799076A-A41C-4BC2-9366-6D00B95DF25F}.Release|ARM64.ActiveCfg = Release|Any CPU
		{F799076A-A41C-4BC2-9366-6D00B95DF25F}.Release|ARM64.Build.0 = Release|Any CPU
		{F799076A-A41C-4BC2-9366-6D00B95DF25F}.Release|x64.ActiveCfg = Release|Any CPU
		{F799076A-A41C-4BC2-9366-6D00B95DF25F}.Release|x64.Build.0 = Release|Any CPU
		{F799076A-A41C-4BC2-9366-6D00B95DF25F}.Release|x86.ActiveCfg = Release|Any CPU
		{F799076A-A41C-4BC2-9366-6D00B95DF25F}.Release|x86.Build.0 = Release|Any CPU
		{90BB0B82-80EA-4928-8772-235F1E898DFD}.Debug|Any CPU.ActiveCfg = Debug|x64
		{90BB0B82-80EA-4928-8772-235F1E898DFD}.Debug|Any CPU.Build.0 = Debug|x64
		{90BB0B82-80EA-4928-8772-235F1E898DFD}.Debug|Any CPU.Deploy.0 = Debug|x64
		{90BB0B82-80EA-4928-8772-235F1E898DFD}.Debug|ARM64.ActiveCfg = Debug|ARM64
		{90BB0B82-80EA-4928-8772-235F1E898DFD}.Debug|ARM64.Build.0 = Debug|ARM64
		{90BB0B82-80EA-4928-8772-235F1E898DFD}.Debug|ARM64.Deploy.0 = Debug|ARM64
		{90BB0B82-80EA-4928-8772-235F1E898DFD}.Debug|x64.ActiveCfg = Debug|x64
		{90BB0B82-80EA-4928-8772-235F1E898DFD}.Debug|x64.Build.0 = Debug|x64
		{90BB0B82-80EA-4928-8772-235F1E898DFD}.Debug|x64.Deploy.0 = Debug|x64
		{90BB0B82-80EA-4928-8772-235F1E898DFD}.Debug|x86.ActiveCfg = Debug|x86
		{90BB0B82-80EA-4928-8772-235F1E898DFD}.Debug|x86.Build.0 = Debug|x86
		{90BB0B82-80EA-4928-8772-235F1E898DFD}.Debug|x86.Deploy.0 = Debug|x86
		{90BB0B82-80EA-4928-8772-235F1E898DFD}.Release|Any CPU.ActiveCfg = Release|x64
		{90BB0B82-80EA-4928-8772-235F1E898DFD}.Release|Any CPU.Build.0 = Release|x64
		{90BB0B82-80EA-4928-8772-235F1E898DFD}.Release|Any CPU.Deploy.0 = Release|x64
		{90BB0B82-80EA-4928-8772-235F1E898DFD}.Release|ARM64.ActiveCfg = Release|ARM64
		{90BB0B82-80EA-4928-8772-235F1E898DFD}.Release|ARM64.Build.0 = Release|ARM64
		{90BB0B82-80EA-4928-8772-235F1E898DFD}.Release|ARM64.Deploy.0 = Release|ARM64
		{90BB0B82-80EA-4928-8772-235F1E898DFD}.Release|x64.ActiveCfg = Release|x64
		{90BB0B82-80EA-4928-8772-235F1E898DFD}.Release|x64.Build.0 = Release|x64
		{90BB0B82-80EA-4928-8772-235F1E898DFD}.Release|x64.Deploy.0 = Release|x64
		{90BB0B82-80EA-4928-8772-235F1E898DFD}.Release|x86.ActiveCfg = Release|x86
		{90BB0B82-80EA-4928-8772-235F1E898DFD}.Release|x86.Build.0 = Release|x86
		{90BB0B82-80EA-4928-8772-235F1E898DFD}.Release|x86.Deploy.0 = Release|x86
	EndGlobalSection
	GlobalSection(SolutionProperties) = preSolution
		HideSolutionNode = FALSE
	EndGlobalSection
	GlobalSection(ExtensibilityGlobals) = postSolution
		SolutionGuid = {A5F112CA-21AF-4662-853E-17784525C35D}
	EndGlobalSection
EndGlobal
