
Microsoft Visual Studio Solution File, Format Version 12.00
# Visual Studio Version 17
VisualStudioVersion = 17.6.33706.43
MinimumVisualStudioVersion = 10.0.40219.1
Project("{9A19103F-16F7-4668-BE54-9A1E7A4F7556}") = "WithDIContainer", "WithDIContainer\WithDIContainer.csproj", "{30310EDA-93E1-4D37-8D8B-C109F4ADD029}"
EndProject
Project("{9A19103F-16F7-4668-BE54-9A1E7A4F7556}") = "WithHost", "WithHost\WithHost.csproj", "{15071276-5E57-44AE-8E8C-2E3718E83C8B}"
EndProject
Project("{9A19103F-16F7-4668-BE54-9A1E7A4F7556}") = "ServicesLifetime", "ServicesLifetime\ServicesLifetime.csproj", "{E86D5E92-0D78-412A-85A0-0685830C409D}"
EndProject
Project("{9A19103F-16F7-4668-BE54-9A1E7A4F7556}") = "DIWithOptions", "DIWithOptions\DIWithOptions.csproj", "{51E8E8AB-8C4A-48BC-B762-5021DC84C078}"
EndProject
Project("{FAE04EC0-301F-11D3-BF4B-00C04F79EFBC}") = "DIWithConfiguration", "DIWithConfiguration\DIWithConfiguration.csproj", "{2A032DE6-5BC6-42A7-868E-912C0704281C}"
EndProject
Global
	GlobalSection(SolutionConfigurationPlatforms) = preSolution
		Debug|Any CPU = Debug|Any CPU
		Release|Any CPU = Release|Any CPU
	EndGlobalSection
	GlobalSection(ProjectConfigurationPlatforms) = postSolution
		{30310EDA-93E1-4D37-8D8B-C109F4ADD029}.Debug|Any CPU.ActiveCfg = Debug|Any CPU
		{30310EDA-93E1-4D37-8D8B-C109F4ADD029}.Debug|Any CPU.Build.0 = Debug|Any CPU
		{30310EDA-93E1-4D37-8D8B-C109F4ADD029}.Release|Any CPU.ActiveCfg = Release|Any CPU
		{30310EDA-93E1-4D37-8D8B-C109F4ADD029}.Release|Any CPU.Build.0 = Release|Any CPU
		{15071276-5E57-44AE-8E8C-2E3718E83C8B}.Debug|Any CPU.ActiveCfg = Debug|Any CPU
		{15071276-5E57-44AE-8E8C-2E3718E83C8B}.Debug|Any CPU.Build.0 = Debug|Any CPU
		{15071276-5E57-44AE-8E8C-2E3718E83C8B}.Release|Any CPU.ActiveCfg = Release|Any CPU
		{15071276-5E57-44AE-8E8C-2E3718E83C8B}.Release|Any CPU.Build.0 = Release|Any CPU
		{E86D5E92-0D78-412A-85A0-0685830C409D}.Debug|Any CPU.ActiveCfg = Debug|Any CPU
		{E86D5E92-0D78-412A-85A0-0685830C409D}.Debug|Any CPU.Build.0 = Debug|Any CPU
		{E86D5E92-0D78-412A-85A0-0685830C409D}.Release|Any CPU.ActiveCfg = Release|Any CPU
		{E86D5E92-0D78-412A-85A0-0685830C409D}.Release|Any CPU.Build.0 = Release|Any CPU
		{51E8E8AB-8C4A-48BC-B762-5021DC84C078}.Debug|Any CPU.ActiveCfg = Debug|Any CPU
		{51E8E8AB-8C4A-48BC-B762-5021DC84C078}.Debug|Any CPU.Build.0 = Debug|Any CPU
		{51E8E8AB-8C4A-48BC-B762-5021DC84C078}.Release|Any CPU.ActiveCfg = Release|Any CPU
		{51E8E8AB-8C4A-48BC-B762-5021DC84C078}.Release|Any CPU.Build.0 = Release|Any CPU
		{2A032DE6-5BC6-42A7-868E-912C0704281C}.Debug|Any CPU.ActiveCfg = Debug|Any CPU
		{2A032DE6-5BC6-42A7-868E-912C0704281C}.Debug|Any CPU.Build.0 = Debug|Any CPU
		{2A032DE6-5BC6-42A7-868E-912C0704281C}.Release|Any CPU.ActiveCfg = Release|Any CPU
		{2A032DE6-5BC6-42A7-868E-912C0704281C}.Release|Any CPU.Build.0 = Release|Any CPU
	EndGlobalSection
	GlobalSection(SolutionProperties) = preSolution
		HideSolutionNode = FALSE
	EndGlobalSection
	GlobalSection(ExtensibilityGlobals) = postSolution
		SolutionGuid = {90ED69FC-31AB-4848-BA33-CDB826DAC5BA}
	EndGlobalSection
EndGlobal
